{
  "name": "kohack2026",
  "lockfileVersion": 3,
  "requires": true,
  "packages": {
    "": {
      "dependencies": {
        "hebrew-transliteration": "^2.9.1"
      }
    },
    "node_modules/havarotjs": {
      "version": "0.25.2",
      "resolved": "https://registry.npmjs.org/havarotjs/-/havarotjs-0.25.2.tgz",
      "integrity": "sha512-eh0fZVxJ03Gbropua/v0mqNxHtudU/IKgxlbT71Cfq96FMhLP4UaIRchrVlkfR4e6TuStUPnK0jkbgYB2psakQ==",
      "license": "MIT",
      "engines": {
        "node": ">=15.0.0"
      }
    },
    "node_modules/hebrew-transliteration": {
      "version": "2.9.1",
      "resolved": "https://registry.npmjs.org/hebrew-transliteration/-/hebrew-transliteration-2.9.1.tgz",
      "integrity": "sha512-jb6QlkUoBrTDR9K8gpWmJGfFoqGmi2MMARI+JqnTHEwGBYJBMQ2779yi5NQF+mhD+1Lm4Wabc198c+t5zqNwNA==",
      "license": "MIT",
      "dependencies": {
        "havarotjs": "0.25.2"
      }
    }
  }
}
